# This file is automatically @generated by Cargo.
# It is not intended for manual editing.
version = 4

[[package]]
name = "cdc-core"
version = "0.1.0"

[[package]]
name = "cdc-ingest"
version = "0.1.0"
dependencies = [
 "cdc-core",
]

[[package]]
name = "cdc-server"
version = "0.1.0"
dependencies = [
 "cdc-core",
 "cdc-ingest",
 "cdc-storage",
]

[[package]]
name = "cdc-storage"
version = "0.1.0"
dependencies = [
 "cdc-core",
]
